
Microsoft Visual Studio Solution File, Format Version 12.00
# Visual Studio Version 17
VisualStudioVersion = 17.0.31903.59
MinimumVisualStudioVersion = 10.0.40219.1
Project("{2150E333-8FDC-42A3-9474-1A3956D46DE8}") = "AxiPlus", "AxiPlus", "{68047C0A-210A-B24B-0E02-7D500F519C04}"
EndProject
Project("{FAE04EC0-301F-11D3-BF4B-00C04F79EFBC}") = "AxiPlus.Domain", "AxiPlus\AxiPlus.Domain\AxiPlus.Domain.csproj", "{B311B816-8B35-4389-914B-4D3942B0A60F}"
EndProject
Project("{FAE04EC0-301F-11D3-BF4B-00C04F79EFBC}") = "AxiPlus.Application", "AxiPlus\AxiPlus.Application\AxiPlus.Application.csproj", "{E0CBEF50-6F2C-46B9-89F2-AA35DC578B85}"
EndProject
Project("{FAE04EC0-301F-11D3-BF4B-00C04F79EFBC}") = "AxiPlus.Infrastructure", "AxiPlus\AxiPlus.Infrastructure\AxiPlus.Infrastructure.csproj", "{E91E0C52-9899-43FF-97CF-44E3B9E3E031}"
EndProject
Project("{FAE04EC0-301F-11D3-BF4B-00C04F79EFBC}") = "AxiPlus.API", "AxiPlus\AxiPlus.API\AxiPlus.API.csproj", "{9CA9BD74-491D-4B1B-BDD6-A1B58421DE4D}"
EndProject
Project("{FAE04EC0-301F-11D3-BF4B-00C04F79EFBC}") = "AxiPlus.Web", "AxiPlus\AxiPlus.Web\AxiPlus.Web.csproj", "{E2F27BC2-B8C1-46D6-9462-4413947E88FA}"
EndProject
Project("{FAE04EC0-301F-11D3-BF4B-00C04F79EFBC}") = "AxiCore.SharedKernel", "AxiCore.Shared\AxiCore.SharedKernel\AxiCore.SharedKernel.csproj", "{2DF3D41D-B849-405E-8852-404AFA679D9E}"
EndProject
Project("{FAE04EC0-301F-11D3-BF4B-00C04F79EFBC}") = "AxiCore.Contracts", "AxiCore.Shared\AxiCore.Contracts\AxiCore.Contracts.csproj", "{55340072-2493-4713-93F0-7BB53AA36098}"
EndProject
Project("{FAE04EC0-301F-11D3-BF4B-00C04F79EFBC}") = "AxiCore.Diagnostics", "AxiCore.Shared\AxiCore.Diagnostics\AxiCore.Diagnostics.csproj", "{421692E8-D95D-413D-95A5-723C7176F89E}"
EndProject
Project("{FAE04EC0-301F-11D3-BF4B-00C04F79EFBC}") = "AxiCore.Security", "AxiCore.Shared\AxiCore.Security\AxiCore.Security.csproj", "{78B8B6C3-3295-4FE7-9A2F-AA75B4E0B0C1}"
EndProject
Project("{FAE04EC0-301F-11D3-BF4B-00C04F79EFBC}") = "AxiCore.Persistence", "AxiCore.Shared\AxiCore.Persistence\AxiCore.Persistence.csproj", "{5EE55F5D-9466-4AA7-B20F-0EA5335F10B9}"
EndProject
Project("{FAE04EC0-301F-11D3-BF4B-00C04F79EFBC}") = "AxiCore.Infrastructure", "AxiCore.Shared\AxiCore.Infrastructure\AxiCore.Infrastructure.csproj", "{7E7E122F-618E-4E6D-85A3-EA7B0CC00F13}"
EndProject
Project("{FAE04EC0-301F-11D3-BF4B-00C04F79EFBC}") = "AxiCore.Identity", "AxiCore.Shared\AxiCore.Identity\AxiCore.Identity.csproj", "{DC24146A-8DB4-4D3C-8B32-8495FB49C172}"
EndProject
Project("{2150E333-8FDC-42A3-9474-1A3956D46DE8}") = "AxiForge", "AxiForge", "{D6652109-C86B-55FF-E006-D4C066F06BB9}"
EndProject
Project("{FAE04EC0-301F-11D3-BF4B-00C04F79EFBC}") = "AxiForge.Domain", "AxiForge\AxiForge.Domain\AxiForge.Domain.csproj", "{1E0466D5-D041-4F96-AD8E-89DEA65A3A86}"
EndProject
Project("{FAE04EC0-301F-11D3-BF4B-00C04F79EFBC}") = "AxiForge.Application", "AxiForge\AxiForge.Application\AxiForge.Application.csproj", "{A22C37BD-E5B0-445E-8193-5957F966B365}"
EndProject
Project("{FAE04EC0-301F-11D3-BF4B-00C04F79EFBC}") = "AxiForge.Infrastructure", "AxiForge\AxiForge.Infrastructure\AxiForge.Infrastructure.csproj", "{A31C0C01-E28E-4A75-8E3D-A13383075469}"
EndProject
Project("{FAE04EC0-301F-11D3-BF4B-00C04F79EFBC}") = "AxiForge.API", "AxiForge\AxiForge.API\AxiForge.API.csproj", "{C15F96E8-5571-44AE-ABC5-DFD3BBBA8033}"
EndProject
Project("{FAE04EC0-301F-11D3-BF4B-00C04F79EFBC}") = "AxiForge.Web", "AxiForge\AxiForge.Web\AxiForge.Web.csproj", "{C751145B-DA69-43FE-A0D5-CDFD92253CAA}"
EndProject
Global
	GlobalSection(SolutionConfigurationPlatforms) = preSolution
		Debug|Any CPU = Debug|Any CPU
		Debug|x64 = Debug|x64
		Debug|x86 = Debug|x86
		Release|Any CPU = Release|Any CPU
		Release|x64 = Release|x64
		Release|x86 = Release|x86
	EndGlobalSection
	GlobalSection(ProjectConfigurationPlatforms) = postSolution
		{B311B816-8B35-4389-914B-4D3942B0A60F}.Debug|Any CPU.ActiveCfg = Debug|Any CPU
		{B311B816-8B35-4389-914B-4D3942B0A60F}.Debug|Any CPU.Build.0 = Debug|Any CPU
		{B311B816-8B35-4389-914B-4D3942B0A60F}.Debug|x64.ActiveCfg = Debug|Any CPU
		{B311B816-8B35-4389-914B-4D3942B0A60F}.Debug|x64.Build.0 = Debug|Any CPU
		{B311B816-8B35-4389-914B-4D3942B0A60F}.Debug|x86.ActiveCfg = Debug|Any CPU
		{B311B816-8B35-4389-914B-4D3942B0A60F}.Debug|x86.Build.0 = Debug|Any CPU
		{B311B816-8B35-4389-914B-4D3942B0A60F}.Release|Any CPU.ActiveCfg = Release|Any CPU
		{B311B816-8B35-4389-914B-4D3942B0A60F}.Release|Any CPU.Build.0 = Release|Any CPU
		{B311B816-8B35-4389-914B-4D3942B0A60F}.Release|x64.ActiveCfg = Release|Any CPU
		{B311B816-8B35-4389-914B-4D3942B0A60F}.Release|x64.Build.0 = Release|Any CPU
		{B311B816-8B35-4389-914B-4D3942B0A60F}.Release|x86.ActiveCfg = Release|Any CPU
		{B311B816-8B35-4389-914B-4D3942B0A60F}.Release|x86.Build.0 = Release|Any CPU
		{E0CBEF50-6F2C-46B9-89F2-AA35DC578B85}.Debug|Any CPU.ActiveCfg = Debug|Any CPU
		{E0CBEF50-6F2C-46B9-89F2-AA35DC578B85}.Debug|Any CPU.Build.0 = Debug|Any CPU
		{E0CBEF50-6F2C-46B9-89F2-AA35DC578B85}.Debug|x64.ActiveCfg = Debug|Any CPU
		{E0CBEF50-6F2C-46B9-89F2-AA35DC578B85}.Debug|x64.Build.0 = Debug|Any CPU
		{E0CBEF50-6F2C-46B9-89F2-AA35DC578B85}.Debug|x86.ActiveCfg = Debug|Any CPU
		{E0CBEF50-6F2C-46B9-89F2-AA35DC578B85}.Debug|x86.Build.0 = Debug|Any CPU
		{E0CBEF50-6F2C-46B9-89F2-AA35DC578B85}.Release|Any CPU.ActiveCfg = Release|Any CPU
		{E0CBEF50-6F2C-46B9-89F2-AA35DC578B85}.Release|Any CPU.Build.0 = Release|Any CPU
		{E0CBEF50-6F2C-46B9-89F2-AA35DC578B85}.Release|x64.ActiveCfg = Release|Any CPU
		{E0CBEF50-6F2C-46B9-89F2-AA35DC578B85}.Release|x64.Build.0 = Release|Any CPU
		{E0CBEF50-6F2C-46B9-89F2-AA35DC578B85}.Release|x86.ActiveCfg = Release|Any CPU
		{E0CBEF50-6F2C-46B9-89F2-AA35DC578B85}.Release|x86.Build.0 = Release|Any CPU
		{E91E0C52-9899-43FF-97CF-44E3B9E3E031}.Debug|Any CPU.ActiveCfg = Debug|Any CPU
		{E91E0C52-9899-43FF-97CF-44E3B9E3E031}.Debug|Any CPU.Build.0 = Debug|Any CPU
		{E91E0C52-9899-43FF-97CF-44E3B9E3E031}.Debug|x64.ActiveCfg = Debug|Any CPU
		{E91E0C52-9899-43FF-97CF-44E3B9E3E031}.Debug|x64.Build.0 = Debug|Any CPU
		{E91E0C52-9899-43FF-97CF-44E3B9E3E031}.Debug|x86.ActiveCfg = Debug|Any CPU
		{E91E0C52-9899-43FF-97CF-44E3B9E3E031}.Debug|x86.Build.0 = Debug|Any CPU
		{E91E0C52-9899-43FF-97CF-44E3B9E3E031}.Release|Any CPU.ActiveCfg = Release|Any CPU
		{E91E0C52-9899-43FF-97CF-44E3B9E3E031}.Release|Any CPU.Build.0 = Release|Any CPU
		{E91E0C52-9899-43FF-97CF-44E3B9E3E031}.Release|x64.ActiveCfg = Release|Any CPU
		{E91E0C52-9899-43FF-97CF-44E3B9E3E031}.Release|x64.Build.0 = Release|Any CPU
		{E91E0C52-9899-43FF-97CF-44E3B9E3E031}.Release|x86.ActiveCfg = Release|Any CPU
		{E91E0C52-9899-43FF-97CF-44E3B9E3E031}.Release|x86.Build.0 = Release|Any CPU
		{9CA9BD74-491D-4B1B-BDD6-A1B58421DE4D}.Debug|Any CPU.ActiveCfg = Debug|Any CPU
		{9CA9BD74-491D-4B1B-BDD6-A1B58421DE4D}.Debug|Any CPU.Build.0 = Debug|Any CPU
		{9CA9BD74-491D-4B1B-BDD6-A1B58421DE4D}.Debug|x64.ActiveCfg = Debug|Any CPU
		{9CA9BD74-491D-4B1B-BDD6-A1B58421DE4D}.Debug|x64.Build.0 = Debug|Any CPU
		{9CA9BD74-491D-4B1B-BDD6-A1B58421DE4D}.Debug|x86.ActiveCfg = Debug|Any CPU
		{9CA9BD74-491D-4B1B-BDD6-A1B58421DE4D}.Debug|x86.Build.0 = Debug|Any CPU
		{9CA9BD74-491D-4B1B-BDD6-A1B58421DE4D}.Release|Any CPU.ActiveCfg = Release|Any CPU
		{9CA9BD74-491D-4B1B-BDD6-A1B58421DE4D}.Release|Any CPU.Build.0 = Release|Any CPU
		{9CA9BD74-491D-4B1B-BDD6-A1B58421DE4D}.Release|x64.ActiveCfg = Release|Any CPU
		{9CA9BD74-491D-4B1B-BDD6-A1B58421DE4D}.Release|x64.Build.0 = Release|Any CPU
		{9CA9BD74-491D-4B1B-BDD6-A1B58421DE4D}.Release|x86.ActiveCfg = Release|Any CPU
		{9CA9BD74-491D-4B1B-BDD6-A1B58421DE4D}.Release|x86.Build.0 = Release|Any CPU
		{E2F27BC2-B8C1-46D6-9462-4413947E88FA}.Debug|Any CPU.ActiveCfg = Debug|Any CPU
		{E2F27BC2-B8C1-46D6-9462-4413947E88FA}.Debug|Any CPU.Build.0 = Debug|Any CPU
		{E2F27BC2-B8C1-46D6-9462-4413947E88FA}.Debug|x64.ActiveCfg = Debug|Any CPU
		{E2F27BC2-B8C1-46D6-9462-4413947E88FA}.Debug|x64.Build.0 = Debug|Any CPU
		{E2F27BC2-B8C1-46D6-9462-4413947E88FA}.Debug|x86.ActiveCfg = Debug|Any CPU
		{E2F27BC2-B8C1-46D6-9462-4413947E88FA}.Debug|x86.Build.0 = Debug|Any CPU
		{E2F27BC2-B8C1-46D6-9462-4413947E88FA}.Release|Any CPU.ActiveCfg = Release|Any CPU
		{E2F27BC2-B8C1-46D6-9462-4413947E88FA}.Release|Any CPU.Build.0 = Release|Any CPU
		{E2F27BC2-B8C1-46D6-9462-4413947E88FA}.Release|x64.ActiveCfg = Release|Any CPU
		{E2F27BC2-B8C1-46D6-9462-4413947E88FA}.Release|x64.Build.0 = Release|Any CPU
		{E2F27BC2-B8C1-46D6-9462-4413947E88FA}.Release|x86.ActiveCfg = Release|Any CPU
		{E2F27BC2-B8C1-46D6-9462-4413947E88FA}.Release|x86.Build.0 = Release|Any CPU
		{2DF3D41D-B849-405E-8852-404AFA679D9E}.Debug|Any CPU.ActiveCfg = Debug|Any CPU
		{2DF3D41D-B849-405E-8852-404AFA679D9E}.Debug|Any CPU.Build.0 = Debug|Any CPU
		{2DF3D41D-B849-405E-8852-404AFA679D9E}.Debug|x64.ActiveCfg = Debug|Any CPU
		{2DF3D41D-B849-405E-8852-404AFA679D9E}.Debug|x64.Build.0 = Debug|Any CPU
		{2DF3D41D-B849-405E-8852-404AFA679D9E}.Debug|x86.ActiveCfg = Debug|Any CPU
		{2DF3D41D-B849-405E-8852-404AFA679D9E}.Debug|x86.Build.0 = Debug|Any CPU
		{2DF3D41D-B849-405E-8852-404AFA679D9E}.Release|Any CPU.ActiveCfg = Release|Any CPU
		{2DF3D41D-B849-405E-8852-404AFA679D9E}.Release|Any CPU.Build.0 = Release|Any CPU
		{2DF3D41D-B849-405E-8852-404AFA679D9E}.Release|x64.ActiveCfg = Release|Any CPU
		{2DF3D41D-B849-405E-8852-404AFA679D9E}.Release|x64.Build.0 = Release|Any CPU
		{2DF3D41D-B849-405E-8852-404AFA679D9E}.Release|x86.ActiveCfg = Release|Any CPU
		{2DF3D41D-B849-405E-8852-404AFA679D9E}.Release|x86.Build.0 = Release|Any CPU
		{55340072-2493-4713-93F0-7BB53AA36098}.Debug|Any CPU.ActiveCfg = Debug|Any CPU
		{55340072-2493-4713-93F0-7BB53AA36098}.Debug|Any CPU.Build.0 = Debug|Any CPU
		{55340072-2493-4713-93F0-7BB53AA36098}.Debug|x64.ActiveCfg = Debug|Any CPU
		{55340072-2493-4713-93F0-7BB53AA36098}.Debug|x64.Build.0 = Debug|Any CPU
		{55340072-2493-4713-93F0-7BB53AA36098}.Debug|x86.ActiveCfg = Debug|Any CPU
		{55340072-2493-4713-93F0-7BB53AA36098}.Debug|x86.Build.0 = Debug|Any CPU
		{55340072-2493-4713-93F0-7BB53AA36098}.Release|Any CPU.ActiveCfg = Release|Any CPU
		{55340072-2493-4713-93F0-7BB53AA36098}.Release|Any CPU.Build.0 = Release|Any CPU
		{55340072-2493-4713-93F0-7BB53AA36098}.Release|x64.ActiveCfg = Release|Any CPU
		{55340072-2493-4713-93F0-7BB53AA36098}.Release|x64.Build.0 = Release|Any CPU
		{55340072-2493-4713-93F0-7BB53AA36098}.Release|x86.ActiveCfg = Release|Any CPU
		{55340072-2493-4713-93F0-7BB53AA36098}.Release|x86.Build.0 = Release|Any CPU
		{421692E8-D95D-413D-95A5-723C7176F89E}.Debug|Any CPU.ActiveCfg = Debug|Any CPU
		{421692E8-D95D-413D-95A5-723C7176F89E}.Debug|Any CPU.Build.0 = Debug|Any CPU
		{421692E8-D95D-413D-95A5-723C7176F89E}.Debug|x64.ActiveCfg = Debug|Any CPU
		{421692E8-D95D-413D-95A5-723C7176F89E}.Debug|x64.Build.0 = Debug|Any CPU
		{421692E8-D95D-413D-95A5-723C7176F89E}.Debug|x86.ActiveCfg = Debug|Any CPU
		{421692E8-D95D-413D-95A5-723C7176F89E}.Debug|x86.Build.0 = Debug|Any CPU
		{421692E8-D95D-413D-95A5-723C7176F89E}.Release|Any CPU.ActiveCfg = Release|Any CPU
		{421692E8-D95D-413D-95A5-723C7176F89E}.Release|Any CPU.Build.0 = Release|Any CPU
		{421692E8-D95D-413D-95A5-723C7176F89E}.Release|x64.ActiveCfg = Release|Any CPU
		{421692E8-D95D-413D-95A5-723C7176F89E}.Release|x64.Build.0 = Release|Any CPU
		{421692E8-D95D-413D-95A5-723C7176F89E}.Release|x86.ActiveCfg = Release|Any CPU
		{421692E8-D95D-413D-95A5-723C7176F89E}.Release|x86.Build.0 = Release|Any CPU
		{78B8B6C3-3295-4FE7-9A2F-AA75B4E0B0C1}.Debug|Any CPU.ActiveCfg = Debug|Any CPU
		{78B8B6C3-3295-4FE7-9A2F-AA75B4E0B0C1}.Debug|Any CPU.Build.0 = Debug|Any CPU
		{78B8B6C3-3295-4FE7-9A2F-AA75B4E0B0C1}.Debug|x64.ActiveCfg = Debug|Any CPU
		{78B8B6C3-3295-4FE7-9A2F-AA75B4E0B0C1}.Debug|x64.Build.0 = Debug|Any CPU
		{78B8B6C3-3295-4FE7-9A2F-AA75B4E0B0C1}.Debug|x86.ActiveCfg = Debug|Any CPU
		{78B8B6C3-3295-4FE7-9A2F-AA75B4E0B0C1}.Debug|x86.Build.0 = Debug|Any CPU
		{78B8B6C3-3295-4FE7-9A2F-AA75B4E0B0C1}.Release|Any CPU.ActiveCfg = Release|Any CPU
		{78B8B6C3-3295-4FE7-9A2F-AA75B4E0B0C1}.Release|Any CPU.Build.0 = Release|Any CPU
		{78B8B6C3-3295-4FE7-9A2F-AA75B4E0B0C1}.Release|x64.ActiveCfg = Release|Any CPU
		{78B8B6C3-3295-4FE7-9A2F-AA75B4E0B0C1}.Release|x64.Build.0 = Release|Any CPU
		{78B8B6C3-3295-4FE7-9A2F-AA75B4E0B0C1}.Release|x86.ActiveCfg = Release|Any CPU
		{78B8B6C3-3295-4FE7-9A2F-AA75B4E0B0C1}.Release|x86.Build.0 = Release|Any CPU
		{5EE55F5D-9466-4AA7-B20F-0EA5335F10B9}.Debug|Any CPU.ActiveCfg = Debug|Any CPU
		{5EE55F5D-9466-4AA7-B20F-0EA5335F10B9}.Debug|Any CPU.Build.0 = Debug|Any CPU
		{5EE55F5D-9466-4AA7-B20F-0EA5335F10B9}.Debug|x64.ActiveCfg = Debug|Any CPU
		{5EE55F5D-9466-4AA7-B20F-0EA5335F10B9}.Debug|x64.Build.0 = Debug|Any CPU
		{5EE55F5D-9466-4AA7-B20F-0EA5335F10B9}.Debug|x86.ActiveCfg = Debug|Any CPU
		{5EE55F5D-9466-4AA7-B20F-0EA5335F10B9}.Debug|x86.Build.0 = Debug|Any CPU
		{5EE55F5D-9466-4AA7-B20F-0EA5335F10B9}.Release|Any CPU.ActiveCfg = Release|Any CPU
		{5EE55F5D-9466-4AA7-B20F-0EA5335F10B9}.Release|Any CPU.Build.0 = Release|Any CPU
		{5EE55F5D-9466-4AA7-B20F-0EA5335F10B9}.Release|x64.ActiveCfg = Release|Any CPU
		{5EE55F5D-9466-4AA7-B20F-0EA5335F10B9}.Release|x64.Build.0 = Release|Any CPU
		{5EE55F5D-9466-4AA7-B20F-0EA5335F10B9}.Release|x86.ActiveCfg = Release|Any CPU
		{5EE55F5D-9466-4AA7-B20F-0EA5335F10B9}.Release|x86.Build.0 = Release|Any CPU
		{7E7E122F-618E-4E6D-85A3-EA7B0CC00F13}.Debug|Any CPU.ActiveCfg = Debug|Any CPU
		{7E7E122F-618E-4E6D-85A3-EA7B0CC00F13}.Debug|Any CPU.Build.0 = Debug|Any CPU
		{7E7E122F-618E-4E6D-85A3-EA7B0CC00F13}.Debug|x64.ActiveCfg = Debug|Any CPU
		{7E7E122F-618E-4E6D-85A3-EA7B0CC00F13}.Debug|x64.Build.0 = Debug|Any CPU
		{7E7E122F-618E-4E6D-85A3-EA7B0CC00F13}.Debug|x86.ActiveCfg = Debug|Any CPU
		{7E7E122F-618E-4E6D-85A3-EA7B0CC00F13}.Debug|x86.Build.0 = Debug|Any CPU
		{7E7E122F-618E-4E6D-85A3-EA7B0CC00F13}.Release|Any CPU.ActiveCfg = Release|Any CPU
		{7E7E122F-618E-4E6D-85A3-EA7B0CC00F13}.Release|Any CPU.Build.0 = Release|Any CPU
		{7E7E122F-618E-4E6D-85A3-EA7B0CC00F13}.Release|x64.ActiveCfg = Release|Any CPU
		{7E7E122F-618E-4E6D-85A3-EA7B0CC00F13}.Release|x64.Build.0 = Release|Any CPU
		{7E7E122F-618E-4E6D-85A3-EA7B0CC00F13}.Release|x86.ActiveCfg = Release|Any CPU
		{7E7E122F-618E-4E6D-85A3-EA7B0CC00F13}.Release|x86.Build.0 = Release|Any CPU
		{DC24146A-8DB4-4D3C-8B32-8495FB49C172}.Debug|Any CPU.ActiveCfg = Debug|Any CPU
		{DC24146A-8DB4-4D3C-8B32-8495FB49C172}.Debug|Any CPU.Build.0 = Debug|Any CPU
		{DC24146A-8DB4-4D3C-8B32-8495FB49C172}.Debug|x64.ActiveCfg = Debug|Any CPU
		{DC24146A-8DB4-4D3C-8B32-8495FB49C172}.Debug|x64.Build.0 = Debug|Any CPU
		{DC24146A-8DB4-4D3C-8B32-8495FB49C172}.Debug|x86.ActiveCfg = Debug|Any CPU
		{DC24146A-8DB4-4D3C-8B32-8495FB49C172}.Debug|x86.Build.0 = Debug|Any CPU
		{DC24146A-8DB4-4D3C-8B32-8495FB49C172}.Release|Any CPU.ActiveCfg = Release|Any CPU
		{DC24146A-8DB4-4D3C-8B32-8495FB49C172}.Release|Any CPU.Build.0 = Release|Any CPU
		{DC24146A-8DB4-4D3C-8B32-8495FB49C172}.Release|x64.ActiveCfg = Release|Any CPU
		{DC24146A-8DB4-4D3C-8B32-8495FB49C172}.Release|x64.Build.0 = Release|Any CPU
		{DC24146A-8DB4-4D3C-8B32-8495FB49C172}.Release|x86.ActiveCfg = Release|Any CPU
		{DC24146A-8DB4-4D3C-8B32-8495FB49C172}.Release|x86.Build.0 = Release|Any CPU
		{1E0466D5-D041-4F96-AD8E-89DEA65A3A86}.Debug|Any CPU.ActiveCfg = Debug|Any CPU
		{1E0466D5-D041-4F96-AD8E-89DEA65A3A86}.Debug|Any CPU.Build.0 = Debug|Any CPU
		{1E0466D5-D041-4F96-AD8E-89DEA65A3A86}.Debug|x64.ActiveCfg = Debug|Any CPU
		{1E0466D5-D041-4F96-AD8E-89DEA65A3A86}.Debug|x64.Build.0 = Debug|Any CPU
		{1E0466D5-D041-4F96-AD8E-89DEA65A3A86}.Debug|x86.ActiveCfg = Debug|Any CPU
		{1E0466D5-D041-4F96-AD8E-89DEA65A3A86}.Debug|x86.Build.0 = Debug|Any CPU
		{1E0466D5-D041-4F96-AD8E-89DEA65A3A86}.Release|Any CPU.ActiveCfg = Release|Any CPU
		{1E0466D5-D041-4F96-AD8E-89DEA65A3A86}.Release|Any CPU.Build.0 = Release|Any CPU
		{1E0466D5-D041-4F96-AD8E-89DEA65A3A86}.Release|x64.ActiveCfg = Release|Any CPU
		{1E0466D5-D041-4F96-AD8E-89DEA65A3A86}.Release|x64.Build.0 = Release|Any CPU
		{1E0466D5-D041-4F96-AD8E-89DEA65A3A86}.Release|x86.ActiveCfg = Release|Any CPU
		{1E0466D5-D041-4F96-AD8E-89DEA65A3A86}.Release|x86.Build.0 = Release|Any CPU
		{A22C37BD-E5B0-445E-8193-5957F966B365}.Debug|Any CPU.ActiveCfg = Debug|Any CPU
		{A22C37BD-E5B0-445E-8193-5957F966B365}.Debug|Any CPU.Build.0 = Debug|Any CPU
		{A22C37BD-E5B0-445E-8193-5957F966B365}.Debug|x64.ActiveCfg = Debug|Any CPU
		{A22C37BD-E5B0-445E-8193-5957F966B365}.Debug|x64.Build.0 = Debug|Any CPU
		{A22C37BD-E5B0-445E-8193-5957F966B365}.Debug|x86.ActiveCfg = Debug|Any CPU
		{A22C37BD-E5B0-445E-8193-5957F966B365}.Debug|x86.Build.0 = Debug|Any CPU
		{A22C37BD-E5B0-445E-8193-5957F966B365}.Release|Any CPU.ActiveCfg = Release|Any CPU
		{A22C37BD-E5B0-445E-8193-5957F966B365}.Release|Any CPU.Build.0 = Release|Any CPU
		{A22C37BD-E5B0-445E-8193-5957F966B365}.Release|x64.ActiveCfg = Release|Any CPU
		{A22C37BD-E5B0-445E-8193-5957F966B365}.Release|x64.Build.0 = Release|Any CPU
		{A22C37BD-E5B0-445E-8193-5957F966B365}.Release|x86.ActiveCfg = Release|Any CPU
		{A22C37BD-E5B0-445E-8193-5957F966B365}.Release|x86.Build.0 = Release|Any CPU
		{A31C0C01-E28E-4A75-8E3D-A13383075469}.Debug|Any CPU.ActiveCfg = Debug|Any CPU
		{A31C0C01-E28E-4A75-8E3D-A13383075469}.Debug|Any CPU.Build.0 = Debug|Any CPU
		{A31C0C01-E28E-4A75-8E3D-A13383075469}.Debug|x64.ActiveCfg = Debug|Any CPU
		{A31C0C01-E28E-4A75-8E3D-A13383075469}.Debug|x64.Build.0 = Debug|Any CPU
		{A31C0C01-E28E-4A75-8E3D-A13383075469}.Debug|x86.ActiveCfg = Debug|Any CPU
		{A31C0C01-E28E-4A75-8E3D-A13383075469}.Debug|x86.Build.0 = Debug|Any CPU
		{A31C0C01-E28E-4A75-8E3D-A13383075469}.Release|Any CPU.ActiveCfg = Release|Any CPU
		{A31C0C01-E28E-4A75-8E3D-A13383075469}.Release|Any CPU.Build.0 = Release|Any CPU
		{A31C0C01-E28E-4A75-8E3D-A13383075469}.Release|x64.ActiveCfg = Release|Any CPU
		{A31C0C01-E28E-4A75-8E3D-A13383075469}.Release|x64.Build.0 = Release|Any CPU
		{A31C0C01-E28E-4A75-8E3D-A13383075469}.Release|x86.ActiveCfg = Release|Any CPU
		{A31C0C01-E28E-4A75-8E3D-A13383075469}.Release|x86.Build.0 = Release|Any CPU
		{C15F96E8-5571-44AE-ABC5-DFD3BBBA8033}.Debug|Any CPU.ActiveCfg = Debug|Any CPU
		{C15F96E8-5571-44AE-ABC5-DFD3BBBA8033}.Debug|Any CPU.Build.0 = Debug|Any CPU
		{C15F96E8-5571-44AE-ABC5-DFD3BBBA8033}.Debug|x64.ActiveCfg = Debug|Any CPU
		{C15F96E8-5571-44AE-ABC5-DFD3BBBA8033}.Debug|x64.Build.0 = Debug|Any CPU
		{C15F96E8-5571-44AE-ABC5-DFD3BBBA8033}.Debug|x86.ActiveCfg = Debug|Any CPU
		{C15F96E8-5571-44AE-ABC5-DFD3BBBA8033}.Debug|x86.Build.0 = Debug|Any CPU
		{C15F96E8-5571-44AE-ABC5-DFD3BBBA8033}.Release|Any CPU.ActiveCfg = Release|Any CPU
		{C15F96E8-5571-44AE-ABC5-DFD3BBBA8033}.Release|Any CPU.Build.0 = Release|Any CPU
		{C15F96E8-5571-44AE-ABC5-DFD3BBBA8033}.Release|x64.ActiveCfg = Release|Any CPU
		{C15F96E8-5571-44AE-ABC5-DFD3BBBA8033}.Release|x64.Build.0 = Release|Any CPU
		{C15F96E8-5571-44AE-ABC5-DFD3BBBA8033}.Release|x86.ActiveCfg = Release|Any CPU
		{C15F96E8-5571-44AE-ABC5-DFD3BBBA8033}.Release|x86.Build.0 = Release|Any CPU
		{C751145B-DA69-43FE-A0D5-CDFD92253CAA}.Debug|Any CPU.ActiveCfg = Debug|Any CPU
		{C751145B-DA69-43FE-A0D5-CDFD92253CAA}.Debug|Any CPU.Build.0 = Debug|Any CPU
		{C751145B-DA69-43FE-A0D5-CDFD92253CAA}.Debug|x64.ActiveCfg = Debug|Any CPU
		{C751145B-DA69-43FE-A0D5-CDFD92253CAA}.Debug|x64.Build.0 = Debug|Any CPU
		{C751145B-DA69-43FE-A0D5-CDFD92253CAA}.Debug|x86.ActiveCfg = Debug|Any CPU
		{C751145B-DA69-43FE-A0D5-CDFD92253CAA}.Debug|x86.Build.0 = Debug|Any CPU
		{C751145B-DA69-43FE-A0D5-CDFD92253CAA}.Release|Any CPU.ActiveCfg = Release|Any CPU
		{C751145B-DA69-43FE-A0D5-CDFD92253CAA}.Release|Any CPU.Build.0 = Release|Any CPU
		{C751145B-DA69-43FE-A0D5-CDFD92253CAA}.Release|x64.ActiveCfg = Release|Any CPU
		{C751145B-DA69-43FE-A0D5-CDFD92253CAA}.Release|x64.Build.0 = Release|Any CPU
		{C751145B-DA69-43FE-A0D5-CDFD92253CAA}.Release|x86.ActiveCfg = Release|Any CPU
		{C751145B-DA69-43FE-A0D5-CDFD92253CAA}.Release|x86.Build.0 = Release|Any CPU
	EndGlobalSection
	GlobalSection(SolutionProperties) = preSolution
		HideSolutionNode = FALSE
	EndGlobalSection
	GlobalSection(NestedProjects) = preSolution
		{B311B816-8B35-4389-914B-4D3942B0A60F} = {68047C0A-210A-B24B-0E02-7D500F519C04}
		{E0CBEF50-6F2C-46B9-89F2-AA35DC578B85} = {68047C0A-210A-B24B-0E02-7D500F519C04}
		{E91E0C52-9899-43FF-97CF-44E3B9E3E031} = {68047C0A-210A-B24B-0E02-7D500F519C04}
		{9CA9BD74-491D-4B1B-BDD6-A1B58421DE4D} = {68047C0A-210A-B24B-0E02-7D500F519C04}
		{E2F27BC2-B8C1-46D6-9462-4413947E88FA} = {68047C0A-210A-B24B-0E02-7D500F519C04}
		{2DF3D41D-B849-405E-8852-404AFA679D9E} = {68047C0A-210A-B24B-0E02-7D500F519C04}
		{55340072-2493-4713-93F0-7BB53AA36098} = {68047C0A-210A-B24B-0E02-7D500F519C04}
		{421692E8-D95D-413D-95A5-723C7176F89E} = {68047C0A-210A-B24B-0E02-7D500F519C04}
		{78B8B6C3-3295-4FE7-9A2F-AA75B4E0B0C1} = {68047C0A-210A-B24B-0E02-7D500F519C04}
		{5EE55F5D-9466-4AA7-B20F-0EA5335F10B9} = {68047C0A-210A-B24B-0E02-7D500F519C04}
		{7E7E122F-618E-4E6D-85A3-EA7B0CC00F13} = {68047C0A-210A-B24B-0E02-7D500F519C04}
		{DC24146A-8DB4-4D3C-8B32-8495FB49C172} = {68047C0A-210A-B24B-0E02-7D500F519C04}
		{1E0466D5-D041-4F96-AD8E-89DEA65A3A86} = {D6652109-C86B-55FF-E006-D4C066F06BB9}
		{A22C37BD-E5B0-445E-8193-5957F966B365} = {D6652109-C86B-55FF-E006-D4C066F06BB9}
		{A31C0C01-E28E-4A75-8E3D-A13383075469} = {D6652109-C86B-55FF-E006-D4C066F06BB9}
		{C15F96E8-5571-44AE-ABC5-DFD3BBBA8033} = {D6652109-C86B-55FF-E006-D4C066F06BB9}
		{C751145B-DA69-43FE-A0D5-CDFD92253CAA} = {D6652109-C86B-55FF-E006-D4C066F06BB9}
	EndGlobalSection
EndGlobal
